
Microsoft Visual Studio Solution File, Format Version 12.00
# Visual Studio Version 17
VisualStudioVersion = 17.14.36518.9
MinimumVisualStudioVersion = 10.0.40219.1
Project("{FAE04EC0-301F-11D3-BF4B-00C04F79EFBC}") = "doAn", "doAn\doAn.csproj", "{0746085C-01C9-46DC-B93E-1FD4EE955F42}"
EndProject
Global
	GlobalSection(SolutionConfigurationPlatforms) = preSolution
		Debug|Any CPU = Debug|Any CPU
		Release|Any CPU = Release|Any CPU
	EndGlobalSection
	GlobalSection(ProjectConfigurationPlatforms) = postSolution
		{0746085C-01C9-46DC-B93E-1FD4EE955F42}.Debug|Any CPU.ActiveCfg = Debug|Any CPU
		{0746085C-01C9-46DC-B93E-1FD4EE955F42}.Debug|Any CPU.Build.0 = Debug|Any CPU
		{0746085C-01C9-46DC-B93E-1FD4EE955F42}.Release|Any CPU.ActiveCfg = Release|Any CPU
		{0746085C-01C9-46DC-B93E-1FD4EE955F42}.Release|Any CPU.Build.0 = Release|Any CPU
	EndGlobalSection
	GlobalSection(SolutionProperties) = preSolution
		HideSolutionNode = FALSE
	EndGlobalSection
	GlobalSection(ExtensibilityGlobals) = postSolution
		SolutionGuid = {C4546B9D-E6A9-4CBF-B9BF-13C093FF17ED}
	EndGlobalSection
EndGlobal
